
Microsoft Visual Studio Solution File, Format Version 12.00
# Visual Studio Version 16
VisualStudioVersion = 16.0.808.5
MinimumVisualStudioVersion = 10.0.40219.1
Project("{FAE04EC0-301F-11D3-BF4B-00C04F79EFBC}") = "RefitSample.Android", "RefitSample.Android\RefitSample.Android.csproj", "{6D7F0DAD-4E05-4149-BD8B-E077D11B0D7B}"
EndProject
Project("{FAE04EC0-301F-11D3-BF4B-00C04F79EFBC}") = "RefitSample.iOS", "RefitSample.iOS\RefitSample.iOS.csproj", "{69118C00-6ADF-4EF0-B27A-2E34D769677A}"
EndProject
Project("{FAE04EC0-301F-11D3-BF4B-00C04F79EFBC}") = "RefitSample", "RefitSample\RefitSample.csproj", "{FC535E1B-B502-4186-AE61-09557D38408D}"
EndProject
Project("{FAE04EC0-301F-11D3-BF4B-00C04F79EFBC}") = "RefitSample.Models", "RefitSample.Models\RefitSample.Models.csproj", "{B7251170-377D-48D2-9943-F49BC762FCAA}"
EndProject
Project("{FAE04EC0-301F-11D3-BF4B-00C04F79EFBC}") = "RefitSample.Dtos", "RefitSample.Dtos\RefitSample.Dtos.csproj", "{67B6C51D-EFFA-4C2D-8690-06E03FD5890C}"
EndProject
Global
	GlobalSection(SolutionConfigurationPlatforms) = preSolution
		Debug|Any CPU = Debug|Any CPU
		Release|Any CPU = Release|Any CPU
		Debug|iPhoneSimulator = Debug|iPhoneSimulator
		Release|iPhoneSimulator = Release|iPhoneSimulator
		Debug|iPhone = Debug|iPhone
		Release|iPhone = Release|iPhone
	EndGlobalSection
	GlobalSection(ProjectConfigurationPlatforms) = postSolution
		{6D7F0DAD-4E05-4149-BD8B-E077D11B0D7B}.Debug|Any CPU.ActiveCfg = Debug|Any CPU
		{6D7F0DAD-4E05-4149-BD8B-E077D11B0D7B}.Debug|Any CPU.Build.0 = Debug|Any CPU
		{6D7F0DAD-4E05-4149-BD8B-E077D11B0D7B}.Release|Any CPU.ActiveCfg = Release|Any CPU
		{6D7F0DAD-4E05-4149-BD8B-E077D11B0D7B}.Release|Any CPU.Build.0 = Release|Any CPU
		{6D7F0DAD-4E05-4149-BD8B-E077D11B0D7B}.Debug|iPhoneSimulator.ActiveCfg = Debug|Any CPU
		{6D7F0DAD-4E05-4149-BD8B-E077D11B0D7B}.Debug|iPhoneSimulator.Build.0 = Debug|Any CPU
		{6D7F0DAD-4E05-4149-BD8B-E077D11B0D7B}.Release|iPhoneSimulator.ActiveCfg = Release|Any CPU
		{6D7F0DAD-4E05-4149-BD8B-E077D11B0D7B}.Release|iPhoneSimulator.Build.0 = Release|Any CPU
		{6D7F0DAD-4E05-4149-BD8B-E077D11B0D7B}.Debug|iPhone.ActiveCfg = Debug|Any CPU
		{6D7F0DAD-4E05-4149-BD8B-E077D11B0D7B}.Debug|iPhone.Build.0 = Debug|Any CPU
		{6D7F0DAD-4E05-4149-BD8B-E077D11B0D7B}.Release|iPhone.ActiveCfg = Release|Any CPU
		{6D7F0DAD-4E05-4149-BD8B-E077D11B0D7B}.Release|iPhone.Build.0 = Release|Any CPU
		{69118C00-6ADF-4EF0-B27A-2E34D769677A}.Debug|Any CPU.ActiveCfg = Debug|iPhoneSimulator
		{69118C00-6ADF-4EF0-B27A-2E34D769677A}.Debug|Any CPU.Build.0 = Debug|iPhoneSimulator
		{69118C00-6ADF-4EF0-B27A-2E34D769677A}.Release|Any CPU.ActiveCfg = Release|iPhoneSimulator
		{69118C00-6ADF-4EF0-B27A-2E34D769677A}.Release|Any CPU.Build.0 = Release|iPhoneSimulator
		{69118C00-6ADF-4EF0-B27A-2E34D769677A}.Debug|iPhoneSimulator.ActiveCfg = Debug|iPhoneSimulator
		{69118C00-6ADF-4EF0-B27A-2E34D769677A}.Debug|iPhoneSimulator.Build.0 = Debug|iPhoneSimulator
		{69118C00-6ADF-4EF0-B27A-2E34D769677A}.Release|iPhoneSimulator.ActiveCfg = Release|iPhoneSimulator
		{69118C00-6ADF-4EF0-B27A-2E34D769677A}.Release|iPhoneSimulator.Build.0 = Release|iPhoneSimulator
		{69118C00-6ADF-4EF0-B27A-2E34D769677A}.Debug|iPhone.ActiveCfg = Debug|iPhone
		{69118C00-6ADF-4EF0-B27A-2E34D769677A}.Debug|iPhone.Build.0 = Debug|iPhone
		{69118C00-6ADF-4EF0-B27A-2E34D769677A}.Release|iPhone.ActiveCfg = Release|iPhone
		{69118C00-6ADF-4EF0-B27A-2E34D769677A}.Release|iPhone.Build.0 = Release|iPhone
		{FC535E1B-B502-4186-AE61-09557D38408D}.Debug|Any CPU.ActiveCfg = Debug|Any CPU
		{FC535E1B-B502-4186-AE61-09557D38408D}.Debug|Any CPU.Build.0 = Debug|Any CPU
		{FC535E1B-B502-4186-AE61-09557D38408D}.Release|Any CPU.ActiveCfg = Release|Any CPU
		{FC535E1B-B502-4186-AE61-09557D38408D}.Release|Any CPU.Build.0 = Release|Any CPU
		{FC535E1B-B502-4186-AE61-09557D38408D}.Debug|iPhoneSimulator.ActiveCfg = Debug|Any CPU
		{FC535E1B-B502-4186-AE61-09557D38408D}.Debug|iPhoneSimulator.Build.0 = Debug|Any CPU
		{FC535E1B-B502-4186-AE61-09557D38408D}.Release|iPhoneSimulator.ActiveCfg = Release|Any CPU
		{FC535E1B-B502-4186-AE61-09557D38408D}.Release|iPhoneSimulator.Build.0 = Release|Any CPU
		{FC535E1B-B502-4186-AE61-09557D38408D}.Debug|iPhone.ActiveCfg = Debug|Any CPU
		{FC535E1B-B502-4186-AE61-09557D38408D}.Debug|iPhone.Build.0 = Debug|Any CPU
		{FC535E1B-B502-4186-AE61-09557D38408D}.Release|iPhone.ActiveCfg = Release|Any CPU
		{FC535E1B-B502-4186-AE61-09557D38408D}.Release|iPhone.Build.0 = Release|Any CPU
		{B7251170-377D-48D2-9943-F49BC762FCAA}.Debug|Any CPU.ActiveCfg = Debug|Any CPU
		{B7251170-377D-48D2-9943-F49BC762FCAA}.Debug|Any CPU.Build.0 = Debug|Any CPU
		{B7251170-377D-48D2-9943-F49BC762FCAA}.Release|Any CPU.ActiveCfg = Release|Any CPU
		{B7251170-377D-48D2-9943-F49BC762FCAA}.Release|Any CPU.Build.0 = Release|Any CPU
		{B7251170-377D-48D2-9943-F49BC762FCAA}.Debug|iPhoneSimulator.ActiveCfg = Debug|Any CPU
		{B7251170-377D-48D2-9943-F49BC762FCAA}.Debug|iPhoneSimulator.Build.0 = Debug|Any CPU
		{B7251170-377D-48D2-9943-F49BC762FCAA}.Release|iPhoneSimulator.ActiveCfg = Release|Any CPU
		{B7251170-377D-48D2-9943-F49BC762FCAA}.Release|iPhoneSimulator.Build.0 = Release|Any CPU
		{B7251170-377D-48D2-9943-F49BC762FCAA}.Debug|iPhone.ActiveCfg = Debug|Any CPU
		{B7251170-377D-48D2-9943-F49BC762FCAA}.Debug|iPhone.Build.0 = Debug|Any CPU
		{B7251170-377D-48D2-9943-F49BC762FCAA}.Release|iPhone.ActiveCfg = Release|Any CPU
		{B7251170-377D-48D2-9943-F49BC762FCAA}.Release|iPhone.Build.0 = Release|Any CPU
		{67B6C51D-EFFA-4C2D-8690-06E03FD5890C}.Debug|Any CPU.ActiveCfg = Debug|Any CPU
		{67B6C51D-EFFA-4C2D-8690-06E03FD5890C}.Debug|Any CPU.Build.0 = Debug|Any CPU
		{67B6C51D-EFFA-4C2D-8690-06E03FD5890C}.Release|Any CPU.ActiveCfg = Release|Any CPU
		{67B6C51D-EFFA-4C2D-8690-06E03FD5890C}.Release|Any CPU.Build.0 = Release|Any CPU
		{67B6C51D-EFFA-4C2D-8690-06E03FD5890C}.Debug|iPhoneSimulator.ActiveCfg = Debug|Any CPU
		{67B6C51D-EFFA-4C2D-8690-06E03FD5890C}.Debug|iPhoneSimulator.Build.0 = Debug|Any CPU
		{67B6C51D-EFFA-4C2D-8690-06E03FD5890C}.Release|iPhoneSimulator.ActiveCfg = Release|Any CPU
		{67B6C51D-EFFA-4C2D-8690-06E03FD5890C}.Release|iPhoneSimulator.Build.0 = Release|Any CPU
		{67B6C51D-EFFA-4C2D-8690-06E03FD5890C}.Debug|iPhone.ActiveCfg = Debug|Any CPU
		{67B6C51D-EFFA-4C2D-8690-06E03FD5890C}.Debug|iPhone.Build.0 = Debug|Any CPU
		{67B6C51D-EFFA-4C2D-8690-06E03FD5890C}.Release|iPhone.ActiveCfg = Release|Any CPU
		{67B6C51D-EFFA-4C2D-8690-06E03FD5890C}.Release|iPhone.Build.0 = Release|Any CPU
	EndGlobalSection
	GlobalSection(SolutionProperties) = preSolution
		HideSolutionNode = FALSE
	EndGlobalSection
	GlobalSection(ExtensibilityGlobals) = postSolution
		SolutionGuid = {BBF79158-62A9-41DE-8BF8-36B467EFDB42}
	EndGlobalSection
EndGlobal
